
Microsoft Visual Studio Solution File, Format Version 12.00
# Visual Studio Version 17
VisualStudioVersion = 17.11.35312.102
MinimumVisualStudioVersion = 10.0.40219.1
Project("{9A19103F-16F7-4668-BE54-9A1E7A4F7556}") = "ClassroomSystem", "ClassroomSystem\ClassroomSystem.csproj", "{A8C4CFC8-3137-4E65-AC40-BF781204DFB8}"
EndProject
Project("{9A19103F-16F7-4668-BE54-9A1E7A4F7556}") = "ClassroomSystem.Common", "ClassroomSystem.Common\ClassroomSystem.Common.csproj", "{CCCB620A-7D05-4CDE-BC31-E4BFABE99B25}"
EndProject
Project("{9A19103F-16F7-4668-BE54-9A1E7A4F7556}") = "ClassroomSystem.Data", "ClassroomSystem.Data\ClassroomSystem.Data.csproj", "{807A2465-2E5F-46B4-BF1B-D151E7697EC5}"
EndProject
Project("{9A19103F-16F7-4668-BE54-9A1E7A4F7556}") = "ClassroomSystem.ViewModels", "ClassroomSystem.ViewModels\ClassroomSystem.ViewModels.csproj", "{AB99AB8D-78A6-435E-AF2D-D72D974C169B}"
EndProject
Global
	GlobalSection(SolutionConfigurationPlatforms) = preSolution
		Debug|Any CPU = Debug|Any CPU
		Release|Any CPU = Release|Any CPU
	EndGlobalSection
	GlobalSection(ProjectConfigurationPlatforms) = postSolution
		{A8C4CFC8-3137-4E65-AC40-BF781204DFB8}.Debug|Any CPU.ActiveCfg = Debug|Any CPU
		{A8C4CFC8-3137-4E65-AC40-BF781204DFB8}.Debug|Any CPU.Build.0 = Debug|Any CPU
		{A8C4CFC8-3137-4E65-AC40-BF781204DFB8}.Release|Any CPU.ActiveCfg = Release|Any CPU
		{A8C4CFC8-3137-4E65-AC40-BF781204DFB8}.Release|Any CPU.Build.0 = Release|Any CPU
		{CCCB620A-7D05-4CDE-BC31-E4BFABE99B25}.Debug|Any CPU.ActiveCfg = Debug|Any CPU
		{CCCB620A-7D05-4CDE-BC31-E4BFABE99B25}.Debug|Any CPU.Build.0 = Debug|Any CPU
		{CCCB620A-7D05-4CDE-BC31-E4BFABE99B25}.Release|Any CPU.ActiveCfg = Release|Any CPU
		{CCCB620A-7D05-4CDE-BC31-E4BFABE99B25}.Release|Any CPU.Build.0 = Release|Any CPU
		{807A2465-2E5F-46B4-BF1B-D151E7697EC5}.Debug|Any CPU.ActiveCfg = Debug|Any CPU
		{807A2465-2E5F-46B4-BF1B-D151E7697EC5}.Debug|Any CPU.Build.0 = Debug|Any CPU
		{807A2465-2E5F-46B4-BF1B-D151E7697EC5}.Release|Any CPU.ActiveCfg = Release|Any CPU
		{807A2465-2E5F-46B4-BF1B-D151E7697EC5}.Release|Any CPU.Build.0 = Release|Any CPU
		{AB99AB8D-78A6-435E-AF2D-D72D974C169B}.Debug|Any CPU.ActiveCfg = Debug|Any CPU
		{AB99AB8D-78A6-435E-AF2D-D72D974C169B}.Debug|Any CPU.Build.0 = Debug|Any CPU
		{AB99AB8D-78A6-435E-AF2D-D72D974C169B}.Release|Any CPU.ActiveCfg = Release|Any CPU
		{AB99AB8D-78A6-435E-AF2D-D72D974C169B}.Release|Any CPU.Build.0 = Release|Any CPU
	EndGlobalSection
	GlobalSection(SolutionProperties) = preSolution
		HideSolutionNode = FALSE
	EndGlobalSection
	GlobalSection(ExtensibilityGlobals) = postSolution
		SolutionGuid = {F80BC24F-A86C-4056-8B0B-7EBD5ADEC0A4}
	EndGlobalSection
EndGlobal
