
Microsoft Visual Studio Solution File, Format Version 12.00
# Visual Studio Version 17
VisualStudioVersion = 17.11.35312.102
MinimumVisualStudioVersion = 10.0.40219.1
Project("{FAE04EC0-301F-11D3-BF4B-00C04F79EFBC}") = "ClassroomSystem", "ClassroomSystem\ClassroomSystem.csproj", "{A8C4CFC8-3137-4E65-AC40-BF781204DFB8}"
EndProject
Project("{9A19103F-16F7-4668-BE54-9A1E7A4F7556}") = "ClassroomSystem.Common", "..\..\SoftUni Exam Project\ClassroomSystem.Common\ClassroomSystem.Common.csproj", "{6ED0194E-ED62-4890-89D8-90E92670333A}"
EndProject
Project("{9A19103F-16F7-4668-BE54-9A1E7A4F7556}") = "ClassroomSystem.Data", "..\..\SoftUni Exam Project\ClassroomSystem.Data\ClassroomSystem.Data.csproj", "{4B3EE186-F8D8-4CCB-BDFC-847B9196D9F2}"
EndProject
Project("{9A19103F-16F7-4668-BE54-9A1E7A4F7556}") = "ClassroomSystem.ViewModels", "..\..\SoftUni Exam Project\ClassroomSystem.ViewModels\ClassroomSystem.ViewModels.csproj", "{C1AFE4CB-7515-4B71-B63C-6DF0E78F7F41}"
EndProject
Global
	GlobalSection(SolutionConfigurationPlatforms) = preSolution
		Debug|Any CPU = Debug|Any CPU
		Release|Any CPU = Release|Any CPU
	EndGlobalSection
	GlobalSection(ProjectConfigurationPlatforms) = postSolution
		{A8C4CFC8-3137-4E65-AC40-BF781204DFB8}.Debug|Any CPU.ActiveCfg = Debug|Any CPU
		{A8C4CFC8-3137-4E65-AC40-BF781204DFB8}.Debug|Any CPU.Build.0 = Debug|Any CPU
		{A8C4CFC8-3137-4E65-AC40-BF781204DFB8}.Release|Any CPU.ActiveCfg = Release|Any CPU
		{A8C4CFC8-3137-4E65-AC40-BF781204DFB8}.Release|Any CPU.Build.0 = Release|Any CPU
		{6ED0194E-ED62-4890-89D8-90E92670333A}.Debug|Any CPU.ActiveCfg = Debug|Any CPU
		{6ED0194E-ED62-4890-89D8-90E92670333A}.Debug|Any CPU.Build.0 = Debug|Any CPU
		{6ED0194E-ED62-4890-89D8-90E92670333A}.Release|Any CPU.ActiveCfg = Release|Any CPU
		{6ED0194E-ED62-4890-89D8-90E92670333A}.Release|Any CPU.Build.0 = Release|Any CPU
		{4B3EE186-F8D8-4CCB-BDFC-847B9196D9F2}.Debug|Any CPU.ActiveCfg = Debug|Any CPU
		{4B3EE186-F8D8-4CCB-BDFC-847B9196D9F2}.Debug|Any CPU.Build.0 = Debug|Any CPU
		{4B3EE186-F8D8-4CCB-BDFC-847B9196D9F2}.Release|Any CPU.ActiveCfg = Release|Any CPU
		{4B3EE186-F8D8-4CCB-BDFC-847B9196D9F2}.Release|Any CPU.Build.0 = Release|Any CPU
		{C1AFE4CB-7515-4B71-B63C-6DF0E78F7F41}.Debug|Any CPU.ActiveCfg = Debug|Any CPU
		{C1AFE4CB-7515-4B71-B63C-6DF0E78F7F41}.Debug|Any CPU.Build.0 = Debug|Any CPU
		{C1AFE4CB-7515-4B71-B63C-6DF0E78F7F41}.Release|Any CPU.ActiveCfg = Release|Any CPU
		{C1AFE4CB-7515-4B71-B63C-6DF0E78F7F41}.Release|Any CPU.Build.0 = Release|Any CPU
	EndGlobalSection
	GlobalSection(SolutionProperties) = preSolution
		HideSolutionNode = FALSE
	EndGlobalSection
	GlobalSection(ExtensibilityGlobals) = postSolution
		SolutionGuid = {F80BC24F-A86C-4056-8B0B-7EBD5ADEC0A4}
	EndGlobalSection
EndGlobal
